{
  "nodes": {
    "emacs-overlay": {
      "inputs": {
        "flake-utils": "flake-utils",
        "nixpkgs": "nixpkgs",
        "nixpkgs-stable": "nixpkgs-stable"
      },
      "locked": {
        "lastModified": 1720023672,
        "narHash": "sha256-Rdtg0WsPQj45jdxZvgM8mFxIF4hm7gdB8oQm8fiKTvs=",
        "owner": "nix-community",
        "repo": "emacs-overlay",
        "rev": "6090c122978df8fcd0cf94765e6792610a7b7f07",
        "type": "github"
      },
      "original": {
        "owner": "nix-community",
        "repo": "emacs-overlay",
        "type": "github"
      }
    },
    "flake-utils": {
      "inputs": {
        "systems": "systems"
      },
      "locked": {
        "lastModified": 1710146030,
        "narHash": "sha256-SZ5L6eA7HJ/nmkzGG7/ISclqe6oZdOZTNoesiInkXPQ=",
        "owner": "numtide",
        "repo": "flake-utils",
        "rev": "b1d9ab70662946ef0850d488da1c9019f3a9752a",
        "type": "github"
      },
      "original": {
        "owner": "numtide",
        "repo": "flake-utils",
        "type": "github"
      }
    },
    "gpg-conf": {
      "flake": false,
      "locked": {
        "lastModified": 1719781410,
        "narHash": "sha256-cmtAG7UQX7mVNoHHpVIqasfkjnO7VtBMcz8MJ7frO0k=",
        "owner": "drduh",
        "repo": "config",
        "rev": "4eca229664d056737f1a097cdbdb10e5f247b0bc",
        "type": "github"
      },
      "original": {
        "owner": "drduh",
        "repo": "config",
        "type": "github"
      }
    },
    "home-manager": {
      "inputs": {
        "nixpkgs": [
          "nixpkgs-unstable"
        ]
      },
      "locked": {
        "lastModified": 1719992360,
        "narHash": "sha256-SRq0ZRkqagqpMGVf4z9q9CIWRbPYjO7FTqSJyWh7nes=",
        "owner": "nix-community",
        "repo": "home-manager",
        "rev": "36e2f9da91ce8b63a549a47688ae60d47c50de4b",
        "type": "github"
      },
      "original": {
        "owner": "nix-community",
        "ref": "master",
        "repo": "home-manager",
        "type": "github"
      }
    },
    "k9s-catppuccin": {
      "flake": false,
      "locked": {
        "lastModified": 1717142936,
        "narHash": "sha256-tg+xFNj9wkWFcD9bXDor/VCZVosoAH+8grz5FY5QgnM=",
        "owner": "catppuccin",
        "repo": "k9s",
        "rev": "e08b9302aee2b7193d6fcc3a9ffd2f24d2957dbf",
        "type": "github"
      },
      "original": {
        "owner": "catppuccin",
        "repo": "k9s",
        "type": "github"
      }
    },
    "nixos-hardware": {
      "locked": {
        "lastModified": 1719895800,
        "narHash": "sha256-xNbjISJTFailxass4LmdWeV4jNhAlmJPwj46a/GxE6M=",
        "owner": "nixos",
        "repo": "nixos-hardware",
        "rev": "6e253f12b1009053eff5344be5e835f604bb64cd",
        "type": "github"
      },
      "original": {
        "owner": "nixos",
        "ref": "master",
        "repo": "nixos-hardware",
        "type": "github"
      }
    },
    "nixpkgs": {
      "locked": {
        "lastModified": 1719848872,
        "narHash": "sha256-H3+EC5cYuq+gQW8y0lSrrDZfH71LB4DAf+TDFyvwCNA=",
        "owner": "NixOS",
        "repo": "nixpkgs",
        "rev": "00d80d13810dbfea8ab4ed1009b09100cca86ba8",
        "type": "github"
      },
      "original": {
        "owner": "NixOS",
        "ref": "nixos-unstable",
        "repo": "nixpkgs",
        "type": "github"
      }
    },
    "nixpkgs-stable": {
      "locked": {
        "lastModified": 1719837636,
        "narHash": "sha256-sTya/Vhqtdi7Kxx/eVldJRGTPKcyGgFG3ZugOqcbmiE=",
        "owner": "NixOS",
        "repo": "nixpkgs",
        "rev": "28f8f3531ebdbea069995c20bd946a295699f275",
        "type": "github"
      },
      "original": {
        "owner": "NixOS",
        "ref": "nixos-23.11",
        "repo": "nixpkgs",
        "type": "github"
      }
    },
    "nixpkgs-unstable": {
      "locked": {
        "lastModified": 1719848872,
        "narHash": "sha256-H3+EC5cYuq+gQW8y0lSrrDZfH71LB4DAf+TDFyvwCNA=",
        "owner": "nixos",
        "repo": "nixpkgs",
        "rev": "00d80d13810dbfea8ab4ed1009b09100cca86ba8",
        "type": "github"
      },
      "original": {
        "owner": "nixos",
        "ref": "nixos-unstable",
        "repo": "nixpkgs",
        "type": "github"
      }
    },
    "nixpkgs_2": {
      "locked": {
        "lastModified": 1719837636,
        "narHash": "sha256-sTya/Vhqtdi7Kxx/eVldJRGTPKcyGgFG3ZugOqcbmiE=",
        "owner": "nixos",
        "repo": "nixpkgs",
        "rev": "28f8f3531ebdbea069995c20bd946a295699f275",
        "type": "github"
      },
      "original": {
        "owner": "nixos",
        "ref": "nixos-23.11",
        "repo": "nixpkgs",
        "type": "github"
      }
    },
    "org-babel": {
      "locked": {
        "lastModified": 1720009466,
        "narHash": "sha256-/8exp1bCK9aJczbITjiwhKonFd1FejRL6k93iXVNWf0=",
        "owner": "emacs-twist",
        "repo": "org-babel",
        "rev": "8684ef7fcdcd65f29129596c05fede1eb63c21b3",
        "type": "github"
      },
      "original": {
        "owner": "emacs-twist",
        "repo": "org-babel",
        "type": "github"
      }
    },
    "plasma-manager": {
      "inputs": {
        "home-manager": [
          "home-manager"
        ],
        "nixpkgs": [
          "nixpkgs-unstable"
        ]
      },
      "locked": {
        "lastModified": 1719875930,
        "narHash": "sha256-jQmdWLxRP6BzOxRF8hQEhDD7UKw7UrnYbmaAPOSaXWY=",
        "owner": "pjones",
        "repo": "plasma-manager",
        "rev": "7e062fcd669e261fb06cf54fe0ef2e46c3db8e83",
        "type": "github"
      },
      "original": {
        "owner": "pjones",
        "repo": "plasma-manager",
        "type": "github"
      }
    },
    "root": {
      "inputs": {
        "emacs-overlay": "emacs-overlay",
        "gpg-conf": "gpg-conf",
        "home-manager": "home-manager",
        "k9s-catppuccin": "k9s-catppuccin",
        "nixos-hardware": "nixos-hardware",
        "nixpkgs": "nixpkgs_2",
        "nixpkgs-unstable": "nixpkgs-unstable",
        "org-babel": "org-babel",
        "plasma-manager": "plasma-manager",
        "ssh-keys": "ssh-keys"
      }
    },
    "ssh-keys": {
      "flake": false,
      "locked": {
        "narHash": "sha256-8QrSKDcCuWbW/5cPbxB6ASciZLMxMRwRLUXgqNLHMKY=",
        "type": "file",
        "url": "https://github.com/wcarlsen.keys"
      },
      "original": {
        "type": "file",
        "url": "https://github.com/wcarlsen.keys"
      }
    },
    "systems": {
      "locked": {
        "lastModified": 1681028828,
        "narHash": "sha256-Vy1rq5AaRuLzOxct8nz4T6wlgyUR7zLU309k9mBC768=",
        "owner": "nix-systems",
        "repo": "default",
        "rev": "da67096a3b9bf56a91d16901293e51ba5b49a27e",
        "type": "github"
      },
      "original": {
        "owner": "nix-systems",
        "repo": "default",
        "type": "github"
      }
    }
  },
  "root": "root",
  "version": 7
}
